
Microsoft Visual Studio Solution File, Format Version 11.00
# Visual Studio 2010
Project("{FAE04EC0-301F-11D3-BF4B-00C04F79EFBC}") = "stekelvarken.xmpproxy", "stekelvarken.xmpproxy\stekelvarken.xmpproxy.csproj", "{01305822-FA60-459B-8FEB-60576FE06623}"
EndProject
Project("{FAE04EC0-301F-11D3-BF4B-00C04F79EFBC}") = "xmpproxy", "xmpproxy\xmpproxy.csproj", "{6D8F35BB-E8C6-464F-AE44-FD53B4B7678A}"
EndProject
Project("{FAE04EC0-301F-11D3-BF4B-00C04F79EFBC}") = "certGen", "certGen\certGen.csproj", "{F8BD19B1-A38D-4881-8D1B-83D5ADA4DFE4}"
EndProject
Global
	GlobalSection(SolutionConfigurationPlatforms) = preSolution
		Debug|Any CPU = Debug|Any CPU
		Debug|Mixed Platforms = Debug|Mixed Platforms
		Debug|x86 = Debug|x86
		Release|Any CPU = Release|Any CPU
		Release|Mixed Platforms = Release|Mixed Platforms
		Release|x86 = Release|x86
	EndGlobalSection
	GlobalSection(ProjectConfigurationPlatforms) = postSolution
		{01305822-FA60-459B-8FEB-60576FE06623}.Debug|Any CPU.ActiveCfg = Debug|Any CPU
		{01305822-FA60-459B-8FEB-60576FE06623}.Debug|Any CPU.Build.0 = Debug|Any CPU
		{01305822-FA60-459B-8FEB-60576FE06623}.Debug|Mixed Platforms.ActiveCfg = Debug|Any CPU
		{01305822-FA60-459B-8FEB-60576FE06623}.Debug|Mixed Platforms.Build.0 = Debug|Any CPU
		{01305822-FA60-459B-8FEB-60576FE06623}.Debug|x86.ActiveCfg = Debug|Any CPU
		{01305822-FA60-459B-8FEB-60576FE06623}.Release|Any CPU.ActiveCfg = Release|Any CPU
		{01305822-FA60-459B-8FEB-60576FE06623}.Release|Any CPU.Build.0 = Release|Any CPU
		{01305822-FA60-459B-8FEB-60576FE06623}.Release|Mixed Platforms.ActiveCfg = Release|Any CPU
		{01305822-FA60-459B-8FEB-60576FE06623}.Release|Mixed Platforms.Build.0 = Release|Any CPU
		{01305822-FA60-459B-8FEB-60576FE06623}.Release|x86.ActiveCfg = Release|Any CPU
		{6D8F35BB-E8C6-464F-AE44-FD53B4B7678A}.Debug|Any CPU.ActiveCfg = Debug|x86
		{6D8F35BB-E8C6-464F-AE44-FD53B4B7678A}.Debug|Mixed Platforms.ActiveCfg = Debug|x86
		{6D8F35BB-E8C6-464F-AE44-FD53B4B7678A}.Debug|Mixed Platforms.Build.0 = Debug|x86
		{6D8F35BB-E8C6-464F-AE44-FD53B4B7678A}.Debug|x86.ActiveCfg = Debug|x86
		{6D8F35BB-E8C6-464F-AE44-FD53B4B7678A}.Debug|x86.Build.0 = Debug|x86
		{6D8F35BB-E8C6-464F-AE44-FD53B4B7678A}.Release|Any CPU.ActiveCfg = Release|x86
		{6D8F35BB-E8C6-464F-AE44-FD53B4B7678A}.Release|Mixed Platforms.ActiveCfg = Release|x86
		{6D8F35BB-E8C6-464F-AE44-FD53B4B7678A}.Release|Mixed Platforms.Build.0 = Release|x86
		{6D8F35BB-E8C6-464F-AE44-FD53B4B7678A}.Release|x86.ActiveCfg = Release|x86
		{6D8F35BB-E8C6-464F-AE44-FD53B4B7678A}.Release|x86.Build.0 = Release|x86
		{F8BD19B1-A38D-4881-8D1B-83D5ADA4DFE4}.Debug|Any CPU.ActiveCfg = Debug|x86
		{F8BD19B1-A38D-4881-8D1B-83D5ADA4DFE4}.Debug|Mixed Platforms.ActiveCfg = Debug|x86
		{F8BD19B1-A38D-4881-8D1B-83D5ADA4DFE4}.Debug|Mixed Platforms.Build.0 = Debug|x86
		{F8BD19B1-A38D-4881-8D1B-83D5ADA4DFE4}.Debug|x86.ActiveCfg = Debug|x86
		{F8BD19B1-A38D-4881-8D1B-83D5ADA4DFE4}.Debug|x86.Build.0 = Debug|x86
		{F8BD19B1-A38D-4881-8D1B-83D5ADA4DFE4}.Release|Any CPU.ActiveCfg = Release|x86
		{F8BD19B1-A38D-4881-8D1B-83D5ADA4DFE4}.Release|Mixed Platforms.ActiveCfg = Release|x86
		{F8BD19B1-A38D-4881-8D1B-83D5ADA4DFE4}.Release|Mixed Platforms.Build.0 = Release|x86
		{F8BD19B1-A38D-4881-8D1B-83D5ADA4DFE4}.Release|x86.ActiveCfg = Release|x86
		{F8BD19B1-A38D-4881-8D1B-83D5ADA4DFE4}.Release|x86.Build.0 = Release|x86
	EndGlobalSection
	GlobalSection(SolutionProperties) = preSolution
		HideSolutionNode = FALSE
	EndGlobalSection
EndGlobal
